<?xml version="1.0" encoding="utf-8"?>
<Project ToolsVersion="4.0" xmlns="http://schemas.microsoft.com/developer/msbuild/2003">
  <ItemGroup>
    <Filter Include="Fichiers sources">
      <UniqueIdentifier>{4FC737F1-C7A5-4376-A066-2A32D752A2FF}</UniqueIdentifier>
      <Extensions>cpp;c;cc;cxx;def;odl;idl;hpj;bat;asm;asmx</Extensions>
    </Filter>
    <Filter Include="Fichiers de ressources">
      <UniqueIdentifier>{67DA6AB6-F800-4c08-8B7A-83BB121AAD01}</UniqueIdentifier>
      <Extensions>rc;ico;cur;bmp;dlg;rc2;rct;bin;rgs;gif;jpg;jpeg;jpe;resx;tiff;tif;png;wav;mfcribbon-ms</Extensions>
    </Filter>
    <Filter Include="Application">
      <UniqueIdentifier>{344c9ab6-e8e2-4746-b111-99a5dc069d31}</UniqueIdentifier>
    </Filter>
    <Filter Include="Component">
      <UniqueIdentifier>{bee43177-d0b2-46b3-8e5a-4cb362117128}</UniqueIdentifier>
    </Filter>
    <Filter Include="Cerveau">
      <UniqueIdentifier>{1cc2f44a-d65f-48ed-b410-546554d96b7e}</UniqueIdentifier>
    </Filter>
  </ItemGroup>
  <ItemGroup>
    <Text Include="ReadMe.txt" />
  </ItemGroup>
  <ItemGroup>
    <ClInclude Include="Manager.h">
      <Filter>Application</Filter>
    </ClInclude>
    <ClInclude Include="Loop.h">
      <Filter>Application</Filter>
    </ClInclude>
    <ClInclude Include="Component.h">
      <Filter>Component</Filter>
    </ClInclude>
    <ClInclude Include="Position.h">
      <Filter>Component</Filter>
    </ClInclude>
    <ClInclude Include="NeuroneLayer.h">
      <Filter>Cerveau</Filter>
    </ClInclude>
    <ClInclude Include="Cerveau.h">
      <Filter>Cerveau</Filter>
    </ClInclude>
    <ClInclude Include="stdafx.h">
      <Filter>Fichiers sources</Filter>
    </ClInclude>
    <ClInclude Include="targetver.h">
      <Filter>Fichiers sources</Filter>
    </ClInclude>
    <ClInclude Include="BestioleShape.h">
      <Filter>Component</Filter>
    </ClInclude>
    <ClInclude Include="RayCast.h">
      <Filter>Component</Filter>
    </ClInclude>
    <ClInclude Include="Collider.h">
      <Filter>Component</Filter>
    </ClInclude>
    <ClInclude Include="Collision.h">
      <Filter>Component</Filter>
    </ClInclude>
    <ClInclude Include="Header.h">
      <Filter>Fichiers sources</Filter>
    </ClInclude>
    <ClInclude Include="NonVivant.h">
      <Filter>Component</Filter>
    </ClInclude>
    <ClInclude Include="Bestiole.h">
      <Filter>Cerveau</Filter>
    </ClInclude>
    <ClInclude Include="Vecteur2.h">
      <Filter>Fichiers sources</Filter>
    </ClInclude>
  </ItemGroup>
  <ItemGroup>
    <ClCompile Include="Main.cpp">
      <Filter>Fichiers sources</Filter>
    </ClCompile>
    <ClCompile Include="Manager.cpp">
      <Filter>Application</Filter>
    </ClCompile>
    <ClCompile Include="Loop.cpp">
      <Filter>Application</Filter>
    </ClCompile>
    <ClCompile Include="NeuroneLayer.cpp">
      <Filter>Cerveau</Filter>
    </ClCompile>
    <ClCompile Include="Cerveau.cpp">
      <Filter>Cerveau</Filter>
    </ClCompile>
    <ClCompile Include="RayCast.cpp">
      <Filter>Component</Filter>
    </ClCompile>
    <ClCompile Include="Collision.cpp">
      <Filter>Component</Filter>
    </ClCompile>
    <ClCompile Include="Bestiole.cpp">
      <Filter>Cerveau</Filter>
    </ClCompile>
    <ClCompile Include="Vecteur2.cpp">
      <Filter>Fichiers sources</Filter>
    </ClCompile>
    <ClCompile Include="stdafx.cpp">
      <Filter>Fichiers sources</Filter>
    </ClCompile>
  </ItemGroup>
</Project>